
Microsoft Visual Studio Solution File, Format Version 12.00
# Visual Studio Version 17
VisualStudioVersion = 17.0.31903.59
MinimumVisualStudioVersion = 10.0.40219.1
Project("{2150E333-8FDC-42A3-9474-1A3956D46DE8}") = "src", "src", "{827E0CD3-B72D-47B6-A68D-7590B98EB39B}"
EndProject
Project("{FAE04EC0-301F-11D3-BF4B-00C04F79EFBC}") = "RaahSathi.Domain", "src\RaahSathi.Domain\RaahSathi.Domain.csproj", "{DAC9AD63-C5E2-4731-80BE-7EF534AFDA08}"
EndProject
Project("{FAE04EC0-301F-11D3-BF4B-00C04F79EFBC}") = "RaahSathi.Shared", "src\RaahSathi.Shared\RaahSathi.Shared.csproj", "{48C252A7-EF91-449C-8122-90C1FCDD31A7}"
EndProject
Project("{FAE04EC0-301F-11D3-BF4B-00C04F79EFBC}") = "RaahSathi.Application", "src\RaahSathi.Application\RaahSathi.Application.csproj", "{51E73B24-1804-4810-A24D-8C5B0E2BAF55}"
EndProject
Project("{FAE04EC0-301F-11D3-BF4B-00C04F79EFBC}") = "RaahSathi.Infrastructure", "src\RaahSathi.Infrastructure\RaahSathi.Infrastructure.csproj", "{99B6B38F-DC7B-42FA-B716-7D1F1CFE8BE0}"
EndProject
Project("{FAE04EC0-301F-11D3-BF4B-00C04F79EFBC}") = "RaahSathi.Web", "src\RaahSathi.Web\RaahSathi.Web.csproj", "{7EAB24AD-EC19-4489-9E3D-B8D4121729D8}"
EndProject
Project("{FAE04EC0-301F-11D3-BF4B-00C04F79EFBC}") = "RaahSathi.Admin", "src\RaahSathi.Admin\RaahSathi.Admin.csproj", "{5E0D55E3-178A-457D-9DD1-ED3D2683CE8C}"
EndProject
Project("{FAE04EC0-301F-11D3-BF4B-00C04F79EFBC}") = "RaahSathi.API", "src\RaahSathi.API\RaahSathi.API.csproj", "{0A60517A-33E7-4D2A-BA8A-0C57E7EDA0D6}"
EndProject
Project("{FAE04EC0-301F-11D3-BF4B-00C04F79EFBC}") = "RaahSathi.MobileAPI", "src\RaahSathi.MobileAPI\RaahSathi.MobileAPI.csproj", "{E41E19C1-1822-407D-90DD-EC78C22A963C}"
EndProject
Global
	GlobalSection(SolutionConfigurationPlatforms) = preSolution
		Debug|Any CPU = Debug|Any CPU
		Debug|x64 = Debug|x64
		Debug|x86 = Debug|x86
		Release|Any CPU = Release|Any CPU
		Release|x64 = Release|x64
		Release|x86 = Release|x86
	EndGlobalSection
	GlobalSection(ProjectConfigurationPlatforms) = postSolution
		{DAC9AD63-C5E2-4731-80BE-7EF534AFDA08}.Debug|Any CPU.ActiveCfg = Debug|Any CPU
		{DAC9AD63-C5E2-4731-80BE-7EF534AFDA08}.Debug|Any CPU.Build.0 = Debug|Any CPU
		{DAC9AD63-C5E2-4731-80BE-7EF534AFDA08}.Debug|x64.ActiveCfg = Debug|Any CPU
		{DAC9AD63-C5E2-4731-80BE-7EF534AFDA08}.Debug|x64.Build.0 = Debug|Any CPU
		{DAC9AD63-C5E2-4731-80BE-7EF534AFDA08}.Debug|x86.ActiveCfg = Debug|Any CPU
		{DAC9AD63-C5E2-4731-80BE-7EF534AFDA08}.Debug|x86.Build.0 = Debug|Any CPU
		{DAC9AD63-C5E2-4731-80BE-7EF534AFDA08}.Release|Any CPU.ActiveCfg = Release|Any CPU
		{DAC9AD63-C5E2-4731-80BE-7EF534AFDA08}.Release|Any CPU.Build.0 = Release|Any CPU
		{DAC9AD63-C5E2-4731-80BE-7EF534AFDA08}.Release|x64.ActiveCfg = Release|Any CPU
		{DAC9AD63-C5E2-4731-80BE-7EF534AFDA08}.Release|x64.Build.0 = Release|Any CPU
		{DAC9AD63-C5E2-4731-80BE-7EF534AFDA08}.Release|x86.ActiveCfg = Release|Any CPU
		{DAC9AD63-C5E2-4731-80BE-7EF534AFDA08}.Release|x86.Build.0 = Release|Any CPU
		{48C252A7-EF91-449C-8122-90C1FCDD31A7}.Debug|Any CPU.ActiveCfg = Debug|Any CPU
		{48C252A7-EF91-449C-8122-90C1FCDD31A7}.Debug|Any CPU.Build.0 = Debug|Any CPU
		{48C252A7-EF91-449C-8122-90C1FCDD31A7}.Debug|x64.ActiveCfg = Debug|Any CPU
		{48C252A7-EF91-449C-8122-90C1FCDD31A7}.Debug|x64.Build.0 = Debug|Any CPU
		{48C252A7-EF91-449C-8122-90C1FCDD31A7}.Debug|x86.ActiveCfg = Debug|Any CPU
		{48C252A7-EF91-449C-8122-90C1FCDD31A7}.Debug|x86.Build.0 = Debug|Any CPU
		{48C252A7-EF91-449C-8122-90C1FCDD31A7}.Release|Any CPU.ActiveCfg = Release|Any CPU
		{48C252A7-EF91-449C-8122-90C1FCDD31A7}.Release|Any CPU.Build.0 = Release|Any CPU
		{48C252A7-EF91-449C-8122-90C1FCDD31A7}.Release|x64.ActiveCfg = Release|Any CPU
		{48C252A7-EF91-449C-8122-90C1FCDD31A7}.Release|x64.Build.0 = Release|Any CPU
		{48C252A7-EF91-449C-8122-90C1FCDD31A7}.Release|x86.ActiveCfg = Release|Any CPU
		{48C252A7-EF91-449C-8122-90C1FCDD31A7}.Release|x86.Build.0 = Release|Any CPU
		{51E73B24-1804-4810-A24D-8C5B0E2BAF55}.Debug|Any CPU.ActiveCfg = Debug|Any CPU
		{51E73B24-1804-4810-A24D-8C5B0E2BAF55}.Debug|Any CPU.Build.0 = Debug|Any CPU
		{51E73B24-1804-4810-A24D-8C5B0E2BAF55}.Debug|x64.ActiveCfg = Debug|Any CPU
		{51E73B24-1804-4810-A24D-8C5B0E2BAF55}.Debug|x64.Build.0 = Debug|Any CPU
		{51E73B24-1804-4810-A24D-8C5B0E2BAF55}.Debug|x86.ActiveCfg = Debug|Any CPU
		{51E73B24-1804-4810-A24D-8C5B0E2BAF55}.Debug|x86.Build.0 = Debug|Any CPU
		{51E73B24-1804-4810-A24D-8C5B0E2BAF55}.Release|Any CPU.ActiveCfg = Release|Any CPU
		{51E73B24-1804-4810-A24D-8C5B0E2BAF55}.Release|Any CPU.Build.0 = Release|Any CPU
		{51E73B24-1804-4810-A24D-8C5B0E2BAF55}.Release|x64.ActiveCfg = Release|Any CPU
		{51E73B24-1804-4810-A24D-8C5B0E2BAF55}.Release|x64.Build.0 = Release|Any CPU
		{51E73B24-1804-4810-A24D-8C5B0E2BAF55}.Release|x86.ActiveCfg = Release|Any CPU
		{51E73B24-1804-4810-A24D-8C5B0E2BAF55}.Release|x86.Build.0 = Release|Any CPU
		{99B6B38F-DC7B-42FA-B716-7D1F1CFE8BE0}.Debug|Any CPU.ActiveCfg = Debug|Any CPU
		{99B6B38F-DC7B-42FA-B716-7D1F1CFE8BE0}.Debug|Any CPU.Build.0 = Debug|Any CPU
		{99B6B38F-DC7B-42FA-B716-7D1F1CFE8BE0}.Debug|x64.ActiveCfg = Debug|Any CPU
		{99B6B38F-DC7B-42FA-B716-7D1F1CFE8BE0}.Debug|x64.Build.0 = Debug|Any CPU
		{99B6B38F-DC7B-42FA-B716-7D1F1CFE8BE0}.Debug|x86.ActiveCfg = Debug|Any CPU
		{99B6B38F-DC7B-42FA-B716-7D1F1CFE8BE0}.Debug|x86.Build.0 = Debug|Any CPU
		{99B6B38F-DC7B-42FA-B716-7D1F1CFE8BE0}.Release|Any CPU.ActiveCfg = Release|Any CPU
		{99B6B38F-DC7B-42FA-B716-7D1F1CFE8BE0}.Release|Any CPU.Build.0 = Release|Any CPU
		{99B6B38F-DC7B-42FA-B716-7D1F1CFE8BE0}.Release|x64.ActiveCfg = Release|Any CPU
		{99B6B38F-DC7B-42FA-B716-7D1F1CFE8BE0}.Release|x64.Build.0 = Release|Any CPU
		{99B6B38F-DC7B-42FA-B716-7D1F1CFE8BE0}.Release|x86.ActiveCfg = Release|Any CPU
		{99B6B38F-DC7B-42FA-B716-7D1F1CFE8BE0}.Release|x86.Build.0 = Release|Any CPU
		{7EAB24AD-EC19-4489-9E3D-B8D4121729D8}.Debug|Any CPU.ActiveCfg = Debug|Any CPU
		{7EAB24AD-EC19-4489-9E3D-B8D4121729D8}.Debug|Any CPU.Build.0 = Debug|Any CPU
		{7EAB24AD-EC19-4489-9E3D-B8D4121729D8}.Debug|x64.ActiveCfg = Debug|Any CPU
		{7EAB24AD-EC19-4489-9E3D-B8D4121729D8}.Debug|x64.Build.0 = Debug|Any CPU
		{7EAB24AD-EC19-4489-9E3D-B8D4121729D8}.Debug|x86.ActiveCfg = Debug|Any CPU
		{7EAB24AD-EC19-4489-9E3D-B8D4121729D8}.Debug|x86.Build.0 = Debug|Any CPU
		{7EAB24AD-EC19-4489-9E3D-B8D4121729D8}.Release|Any CPU.ActiveCfg = Release|Any CPU
		{7EAB24AD-EC19-4489-9E3D-B8D4121729D8}.Release|Any CPU.Build.0 = Release|Any CPU
		{7EAB24AD-EC19-4489-9E3D-B8D4121729D8}.Release|x64.ActiveCfg = Release|Any CPU
		{7EAB24AD-EC19-4489-9E3D-B8D4121729D8}.Release|x64.Build.0 = Release|Any CPU
		{7EAB24AD-EC19-4489-9E3D-B8D4121729D8}.Release|x86.ActiveCfg = Release|Any CPU
		{7EAB24AD-EC19-4489-9E3D-B8D4121729D8}.Release|x86.Build.0 = Release|Any CPU
		{5E0D55E3-178A-457D-9DD1-ED3D2683CE8C}.Debug|Any CPU.ActiveCfg = Debug|Any CPU
		{5E0D55E3-178A-457D-9DD1-ED3D2683CE8C}.Debug|Any CPU.Build.0 = Debug|Any CPU
		{5E0D55E3-178A-457D-9DD1-ED3D2683CE8C}.Debug|x64.ActiveCfg = Debug|Any CPU
		{5E0D55E3-178A-457D-9DD1-ED3D2683CE8C}.Debug|x64.Build.0 = Debug|Any CPU
		{5E0D55E3-178A-457D-9DD1-ED3D2683CE8C}.Debug|x86.ActiveCfg = Debug|Any CPU
		{5E0D55E3-178A-457D-9DD1-ED3D2683CE8C}.Debug|x86.Build.0 = Debug|Any CPU
		{5E0D55E3-178A-457D-9DD1-ED3D2683CE8C}.Release|Any CPU.ActiveCfg = Release|Any CPU
		{5E0D55E3-178A-457D-9DD1-ED3D2683CE8C}.Release|Any CPU.Build.0 = Release|Any CPU
		{5E0D55E3-178A-457D-9DD1-ED3D2683CE8C}.Release|x64.ActiveCfg = Release|Any CPU
		{5E0D55E3-178A-457D-9DD1-ED3D2683CE8C}.Release|x64.Build.0 = Release|Any CPU
		{5E0D55E3-178A-457D-9DD1-ED3D2683CE8C}.Release|x86.ActiveCfg = Release|Any CPU
		{5E0D55E3-178A-457D-9DD1-ED3D2683CE8C}.Release|x86.Build.0 = Release|Any CPU
		{0A60517A-33E7-4D2A-BA8A-0C57E7EDA0D6}.Debug|Any CPU.ActiveCfg = Debug|Any CPU
		{0A60517A-33E7-4D2A-BA8A-0C57E7EDA0D6}.Debug|Any CPU.Build.0 = Debug|Any CPU
		{0A60517A-33E7-4D2A-BA8A-0C57E7EDA0D6}.Debug|x64.ActiveCfg = Debug|Any CPU
		{0A60517A-33E7-4D2A-BA8A-0C57E7EDA0D6}.Debug|x64.Build.0 = Debug|Any CPU
		{0A60517A-33E7-4D2A-BA8A-0C57E7EDA0D6}.Debug|x86.ActiveCfg = Debug|Any CPU
		{0A60517A-33E7-4D2A-BA8A-0C57E7EDA0D6}.Debug|x86.Build.0 = Debug|Any CPU
		{0A60517A-33E7-4D2A-BA8A-0C57E7EDA0D6}.Release|Any CPU.ActiveCfg = Release|Any CPU
		{0A60517A-33E7-4D2A-BA8A-0C57E7EDA0D6}.Release|Any CPU.Build.0 = Release|Any CPU
		{0A60517A-33E7-4D2A-BA8A-0C57E7EDA0D6}.Release|x64.ActiveCfg = Release|Any CPU
		{0A60517A-33E7-4D2A-BA8A-0C57E7EDA0D6}.Release|x64.Build.0 = Release|Any CPU
		{0A60517A-33E7-4D2A-BA8A-0C57E7EDA0D6}.Release|x86.ActiveCfg = Release|Any CPU
		{0A60517A-33E7-4D2A-BA8A-0C57E7EDA0D6}.Release|x86.Build.0 = Release|Any CPU
		{E41E19C1-1822-407D-90DD-EC78C22A963C}.Debug|Any CPU.ActiveCfg = Debug|Any CPU
		{E41E19C1-1822-407D-90DD-EC78C22A963C}.Debug|Any CPU.Build.0 = Debug|Any CPU
		{E41E19C1-1822-407D-90DD-EC78C22A963C}.Debug|x64.ActiveCfg = Debug|Any CPU
		{E41E19C1-1822-407D-90DD-EC78C22A963C}.Debug|x64.Build.0 = Debug|Any CPU
		{E41E19C1-1822-407D-90DD-EC78C22A963C}.Debug|x86.ActiveCfg = Debug|Any CPU
		{E41E19C1-1822-407D-90DD-EC78C22A963C}.Debug|x86.Build.0 = Debug|Any CPU
		{E41E19C1-1822-407D-90DD-EC78C22A963C}.Release|Any CPU.ActiveCfg = Release|Any CPU
		{E41E19C1-1822-407D-90DD-EC78C22A963C}.Release|Any CPU.Build.0 = Release|Any CPU
		{E41E19C1-1822-407D-90DD-EC78C22A963C}.Release|x64.ActiveCfg = Release|Any CPU
		{E41E19C1-1822-407D-90DD-EC78C22A963C}.Release|x64.Build.0 = Release|Any CPU
		{E41E19C1-1822-407D-90DD-EC78C22A963C}.Release|x86.ActiveCfg = Release|Any CPU
		{E41E19C1-1822-407D-90DD-EC78C22A963C}.Release|x86.Build.0 = Release|Any CPU
	EndGlobalSection
	GlobalSection(SolutionProperties) = preSolution
		HideSolutionNode = FALSE
	EndGlobalSection
	GlobalSection(NestedProjects) = preSolution
		{DAC9AD63-C5E2-4731-80BE-7EF534AFDA08} = {827E0CD3-B72D-47B6-A68D-7590B98EB39B}
		{48C252A7-EF91-449C-8122-90C1FCDD31A7} = {827E0CD3-B72D-47B6-A68D-7590B98EB39B}
		{51E73B24-1804-4810-A24D-8C5B0E2BAF55} = {827E0CD3-B72D-47B6-A68D-7590B98EB39B}
		{99B6B38F-DC7B-42FA-B716-7D1F1CFE8BE0} = {827E0CD3-B72D-47B6-A68D-7590B98EB39B}
		{7EAB24AD-EC19-4489-9E3D-B8D4121729D8} = {827E0CD3-B72D-47B6-A68D-7590B98EB39B}
		{5E0D55E3-178A-457D-9DD1-ED3D2683CE8C} = {827E0CD3-B72D-47B6-A68D-7590B98EB39B}
		{0A60517A-33E7-4D2A-BA8A-0C57E7EDA0D6} = {827E0CD3-B72D-47B6-A68D-7590B98EB39B}
		{E41E19C1-1822-407D-90DD-EC78C22A963C} = {827E0CD3-B72D-47B6-A68D-7590B98EB39B}
	EndGlobalSection
EndGlobal
